
Microsoft Visual Studio Solution File, Format Version 12.00
# Visual Studio Version 17
VisualStudioVersion = 17.7.34009.444
MinimumVisualStudioVersion = 10.0.40219.1
Project("{8BC9CEB8-8B4A-11D0-8D11-00A0C91BC942}") = "Program01", "Program01\Program01.vcxproj", "{77BC84A5-7552-4858-8541-6F5DBC03504D}"
EndProject
Project("{8BC9CEB8-8B4A-11D0-8D11-00A0C91BC942}") = "Program02", "Program02\Program02.vcxproj", "{DA65ED9A-EBCC-4A0F-A1D3-112FDE6D44FC}"
EndProject
Project("{8BC9CEB8-8B4A-11D0-8D11-00A0C91BC942}") = "Program03", "Program03\Program03.vcxproj", "{F9AB0448-AFFB-438D-9127-59C2949FF640}"
EndProject
Project("{8BC9CEB8-8B4A-11D0-8D11-00A0C91BC942}") = "Program04", "Program04\Program04.vcxproj", "{0F2597F2-8ED8-415F-90E5-D6E4FF7F00F5}"
EndProject
Project("{8BC9CEB8-8B4A-11D0-8D11-00A0C91BC942}") = "Program05", "Program05\Program05.vcxproj", "{C1CBF9C4-4B77-47CB-A145-07961BA53AD4}"
EndProject
Project("{8BC9CEB8-8B4A-11D0-8D11-00A0C91BC942}") = "Program06", "Program06\Program06.vcxproj", "{3C3A825E-D848-45EB-AF1A-90D93875B895}"
EndProject
Project("{8BC9CEB8-8B4A-11D0-8D11-00A0C91BC942}") = "Program07", "Program07\Program07.vcxproj", "{769497E5-FC98-4A58-8554-B6F9B90C6B99}"
EndProject
Project("{8BC9CEB8-8B4A-11D0-8D11-00A0C91BC942}") = "Program08", "Program08\Program08.vcxproj", "{92C4BACC-37F8-4E80-8C13-5AF87A53CA60}"
EndProject
Project("{8BC9CEB8-8B4A-11D0-8D11-00A0C91BC942}") = "Program09", "Program09\Program09.vcxproj", "{2A1AC30A-32BC-4149-BD51-F377C96C8FB8}"
EndProject
Project("{8BC9CEB8-8B4A-11D0-8D11-00A0C91BC942}") = "Program10", "Program10\Program10.vcxproj", "{6DEAF232-02CF-46AE-8CA9-C3D6558799EF}"
EndProject
Project("{8BC9CEB8-8B4A-11D0-8D11-00A0C91BC942}") = "Program11", "Program11\Program11.vcxproj", "{BAE1C75D-07D5-4837-8BE9-E86A288B2DC5}"
EndProject
Global
	GlobalSection(SolutionConfigurationPlatforms) = preSolution
		Debug|x64 = Debug|x64
		Debug|x86 = Debug|x86
		Release|x64 = Release|x64
		Release|x86 = Release|x86
	EndGlobalSection
	GlobalSection(ProjectConfigurationPlatforms) = postSolution
		{77BC84A5-7552-4858-8541-6F5DBC03504D}.Debug|x64.ActiveCfg = Debug|x64
		{77BC84A5-7552-4858-8541-6F5DBC03504D}.Debug|x64.Build.0 = Debug|x64
		{77BC84A5-7552-4858-8541-6F5DBC03504D}.Debug|x86.ActiveCfg = Debug|Win32
		{77BC84A5-7552-4858-8541-6F5DBC03504D}.Debug|x86.Build.0 = Debug|Win32
		{77BC84A5-7552-4858-8541-6F5DBC03504D}.Release|x64.ActiveCfg = Release|x64
		{77BC84A5-7552-4858-8541-6F5DBC03504D}.Release|x64.Build.0 = Release|x64
		{77BC84A5-7552-4858-8541-6F5DBC03504D}.Release|x86.ActiveCfg = Release|Win32
		{77BC84A5-7552-4858-8541-6F5DBC03504D}.Release|x86.Build.0 = Release|Win32
		{DA65ED9A-EBCC-4A0F-A1D3-112FDE6D44FC}.Debug|x64.ActiveCfg = Debug|x64
		{DA65ED9A-EBCC-4A0F-A1D3-112FDE6D44FC}.Debug|x64.Build.0 = Debug|x64
		{DA65ED9A-EBCC-4A0F-A1D3-112FDE6D44FC}.Debug|x86.ActiveCfg = Debug|Win32
		{DA65ED9A-EBCC-4A0F-A1D3-112FDE6D44FC}.Debug|x86.Build.0 = Debug|Win32
		{DA65ED9A-EBCC-4A0F-A1D3-112FDE6D44FC}.Release|x64.ActiveCfg = Release|x64
		{DA65ED9A-EBCC-4A0F-A1D3-112FDE6D44FC}.Release|x64.Build.0 = Release|x64
		{DA65ED9A-EBCC-4A0F-A1D3-112FDE6D44FC}.Release|x86.ActiveCfg = Release|Win32
		{DA65ED9A-EBCC-4A0F-A1D3-112FDE6D44FC}.Release|x86.Build.0 = Release|Win32
		{F9AB0448-AFFB-438D-9127-59C2949FF640}.Debug|x64.ActiveCfg = Debug|x64
		{F9AB0448-AFFB-438D-9127-59C2949FF640}.Debug|x64.Build.0 = Debug|x64
		{F9AB0448-AFFB-438D-9127-59C2949FF640}.Debug|x86.ActiveCfg = Debug|Win32
		{F9AB0448-AFFB-438D-9127-59C2949FF640}.Debug|x86.Build.0 = Debug|Win32
		{F9AB0448-AFFB-438D-9127-59C2949FF640}.Release|x64.ActiveCfg = Release|x64
		{F9AB0448-AFFB-438D-9127-59C2949FF640}.Release|x64.Build.0 = Release|x64
		{F9AB0448-AFFB-438D-9127-59C2949FF640}.Release|x86.ActiveCfg = Release|Win32
		{F9AB0448-AFFB-438D-9127-59C2949FF640}.Release|x86.Build.0 = Release|Win32
		{0F2597F2-8ED8-415F-90E5-D6E4FF7F00F5}.Debug|x64.ActiveCfg = Debug|x64
		{0F2597F2-8ED8-415F-90E5-D6E4FF7F00F5}.Debug|x64.Build.0 = Debug|x64
		{0F2597F2-8ED8-415F-90E5-D6E4FF7F00F5}.Debug|x86.ActiveCfg = Debug|Win32
		{0F2597F2-8ED8-415F-90E5-D6E4FF7F00F5}.Debug|x86.Build.0 = Debug|Win32
		{0F2597F2-8ED8-415F-90E5-D6E4FF7F00F5}.Release|x64.ActiveCfg = Release|x64
		{0F2597F2-8ED8-415F-90E5-D6E4FF7F00F5}.Release|x64.Build.0 = Release|x64
		{0F2597F2-8ED8-415F-90E5-D6E4FF7F00F5}.Release|x86.ActiveCfg = Release|Win32
		{0F2597F2-8ED8-415F-90E5-D6E4FF7F00F5}.Release|x86.Build.0 = Release|Win32
		{C1CBF9C4-4B77-47CB-A145-07961BA53AD4}.Debug|x64.ActiveCfg = Debug|x64
		{C1CBF9C4-4B77-47CB-A145-07961BA53AD4}.Debug|x64.Build.0 = Debug|x64
		{C1CBF9C4-4B77-47CB-A145-07961BA53AD4}.Debug|x86.ActiveCfg = Debug|Win32
		{C1CBF9C4-4B77-47CB-A145-07961BA53AD4}.Debug|x86.Build.0 = Debug|Win32
		{C1CBF9C4-4B77-47CB-A145-07961BA53AD4}.Release|x64.ActiveCfg = Release|x64
		{C1CBF9C4-4B77-47CB-A145-07961BA53AD4}.Release|x64.Build.0 = Release|x64
		{C1CBF9C4-4B77-47CB-A145-07961BA53AD4}.Release|x86.ActiveCfg = Release|Win32
		{C1CBF9C4-4B77-47CB-A145-07961BA53AD4}.Release|x86.Build.0 = Release|Win32
		{3C3A825E-D848-45EB-AF1A-90D93875B895}.Debug|x64.ActiveCfg = Debug|x64
		{3C3A825E-D848-45EB-AF1A-90D93875B895}.Debug|x64.Build.0 = Debug|x64
		{3C3A825E-D848-45EB-AF1A-90D93875B895}.Debug|x86.ActiveCfg = Debug|Win32
		{3C3A825E-D848-45EB-AF1A-90D93875B895}.Debug|x86.Build.0 = Debug|Win32
		{3C3A825E-D848-45EB-AF1A-90D93875B895}.Release|x64.ActiveCfg = Release|x64
		{3C3A825E-D848-45EB-AF1A-90D93875B895}.Release|x64.Build.0 = Release|x64
		{3C3A825E-D848-45EB-AF1A-90D93875B895}.Release|x86.ActiveCfg = Release|Win32
		{3C3A825E-D848-45EB-AF1A-90D93875B895}.Release|x86.Build.0 = Release|Win32
		{769497E5-FC98-4A58-8554-B6F9B90C6B99}.Debug|x64.ActiveCfg = Debug|x64
		{769497E5-FC98-4A58-8554-B6F9B90C6B99}.Debug|x64.Build.0 = Debug|x64
		{769497E5-FC98-4A58-8554-B6F9B90C6B99}.Debug|x86.ActiveCfg = Debug|Win32
		{769497E5-FC98-4A58-8554-B6F9B90C6B99}.Debug|x86.Build.0 = Debug|Win32
		{769497E5-FC98-4A58-8554-B6F9B90C6B99}.Release|x64.ActiveCfg = Release|x64
		{769497E5-FC98-4A58-8554-B6F9B90C6B99}.Release|x64.Build.0 = Release|x64
		{769497E5-FC98-4A58-8554-B6F9B90C6B99}.Release|x86.ActiveCfg = Release|Win32
		{769497E5-FC98-4A58-8554-B6F9B90C6B99}.Release|x86.Build.0 = Release|Win32
		{92C4BACC-37F8-4E80-8C13-5AF87A53CA60}.Debug|x64.ActiveCfg = Debug|x64
		{92C4BACC-37F8-4E80-8C13-5AF87A53CA60}.Debug|x64.Build.0 = Debug|x64
		{92C4BACC-37F8-4E80-8C13-5AF87A53CA60}.Debug|x86.ActiveCfg = Debug|Win32
		{92C4BACC-37F8-4E80-8C13-5AF87A53CA60}.Debug|x86.Build.0 = Debug|Win32
		{92C4BACC-37F8-4E80-8C13-5AF87A53CA60}.Release|x64.ActiveCfg = Release|x64
		{92C4BACC-37F8-4E80-8C13-5AF87A53CA60}.Release|x64.Build.0 = Release|x64
		{92C4BACC-37F8-4E80-8C13-5AF87A53CA60}.Release|x86.ActiveCfg = Release|Win32
		{92C4BACC-37F8-4E80-8C13-5AF87A53CA60}.Release|x86.Build.0 = Release|Win32
		{2A1AC30A-32BC-4149-BD51-F377C96C8FB8}.Debug|x64.ActiveCfg = Debug|x64
		{2A1AC30A-32BC-4149-BD51-F377C96C8FB8}.Debug|x64.Build.0 = Debug|x64
		{2A1AC30A-32BC-4149-BD51-F377C96C8FB8}.Debug|x86.ActiveCfg = Debug|Win32
		{2A1AC30A-32BC-4149-BD51-F377C96C8FB8}.Debug|x86.Build.0 = Debug|Win32
		{2A1AC30A-32BC-4149-BD51-F377C96C8FB8}.Release|x64.ActiveCfg = Release|x64
		{2A1AC30A-32BC-4149-BD51-F377C96C8FB8}.Release|x64.Build.0 = Release|x64
		{2A1AC30A-32BC-4149-BD51-F377C96C8FB8}.Release|x86.ActiveCfg = Release|Win32
		{2A1AC30A-32BC-4149-BD51-F377C96C8FB8}.Release|x86.Build.0 = Release|Win32
		{6DEAF232-02CF-46AE-8CA9-C3D6558799EF}.Debug|x64.ActiveCfg = Debug|x64
		{6DEAF232-02CF-46AE-8CA9-C3D6558799EF}.Debug|x64.Build.0 = Debug|x64
		{6DEAF232-02CF-46AE-8CA9-C3D6558799EF}.Debug|x86.ActiveCfg = Debug|Win32
		{6DEAF232-02CF-46AE-8CA9-C3D6558799EF}.Debug|x86.Build.0 = Debug|Win32
		{6DEAF232-02CF-46AE-8CA9-C3D6558799EF}.Release|x64.ActiveCfg = Release|x64
		{6DEAF232-02CF-46AE-8CA9-C3D6558799EF}.Release|x64.Build.0 = Release|x64
		{6DEAF232-02CF-46AE-8CA9-C3D6558799EF}.Release|x86.ActiveCfg = Release|Win32
		{6DEAF232-02CF-46AE-8CA9-C3D6558799EF}.Release|x86.Build.0 = Release|Win32
		{BAE1C75D-07D5-4837-8BE9-E86A288B2DC5}.Debug|x64.ActiveCfg = Debug|x64
		{BAE1C75D-07D5-4837-8BE9-E86A288B2DC5}.Debug|x64.Build.0 = Debug|x64
		{BAE1C75D-07D5-4837-8BE9-E86A288B2DC5}.Debug|x86.ActiveCfg = Debug|Win32
		{BAE1C75D-07D5-4837-8BE9-E86A288B2DC5}.Debug|x86.Build.0 = Debug|Win32
		{BAE1C75D-07D5-4837-8BE9-E86A288B2DC5}.Release|x64.ActiveCfg = Release|x64
		{BAE1C75D-07D5-4837-8BE9-E86A288B2DC5}.Release|x64.Build.0 = Release|x64
		{BAE1C75D-07D5-4837-8BE9-E86A288B2DC5}.Release|x86.ActiveCfg = Release|Win32
		{BAE1C75D-07D5-4837-8BE9-E86A288B2DC5}.Release|x86.Build.0 = Release|Win32
	EndGlobalSection
	GlobalSection(SolutionProperties) = preSolution
		HideSolutionNode = FALSE
	EndGlobalSection
	GlobalSection(ExtensibilityGlobals) = postSolution
		SolutionGuid = {7DD1A586-EF76-43DC-8C39-9F3C60926F66}
	EndGlobalSection
EndGlobal
