
Microsoft Visual Studio Solution File, Format Version 12.00
# Visual Studio Version 17
VisualStudioVersion = 17.7.34009.444
MinimumVisualStudioVersion = 10.0.40219.1
Project("{8BC9CEB8-8B4A-11D0-8D11-00A0C91BC942}") = "Program01", "Program01\Program01.vcxproj", "{77BC84A5-7552-4858-8541-6F5DBC03504D}"
EndProject
Project("{8BC9CEB8-8B4A-11D0-8D11-00A0C91BC942}") = "Program02", "Program02\Program02.vcxproj", "{DA65ED9A-EBCC-4A0F-A1D3-112FDE6D44FC}"
EndProject
Project("{8BC9CEB8-8B4A-11D0-8D11-00A0C91BC942}") = "Program03", "Program03\Program03.vcxproj", "{F9AB0448-AFFB-438D-9127-59C2949FF640}"
EndProject
Project("{8BC9CEB8-8B4A-11D0-8D11-00A0C91BC942}") = "Program04", "Program04\Program04.vcxproj", "{0F2597F2-8ED8-415F-90E5-D6E4FF7F00F5}"
EndProject
Global
	GlobalSection(SolutionConfigurationPlatforms) = preSolution
		Debug|x64 = Debug|x64
		Debug|x86 = Debug|x86
		Release|x64 = Release|x64
		Release|x86 = Release|x86
	EndGlobalSection
	GlobalSection(ProjectConfigurationPlatforms) = postSolution
		{77BC84A5-7552-4858-8541-6F5DBC03504D}.Debug|x64.ActiveCfg = Debug|x64
		{77BC84A5-7552-4858-8541-6F5DBC03504D}.Debug|x64.Build.0 = Debug|x64
		{77BC84A5-7552-4858-8541-6F5DBC03504D}.Debug|x86.ActiveCfg = Debug|Win32
		{77BC84A5-7552-4858-8541-6F5DBC03504D}.Debug|x86.Build.0 = Debug|Win32
		{77BC84A5-7552-4858-8541-6F5DBC03504D}.Release|x64.ActiveCfg = Release|x64
		{77BC84A5-7552-4858-8541-6F5DBC03504D}.Release|x64.Build.0 = Release|x64
		{77BC84A5-7552-4858-8541-6F5DBC03504D}.Release|x86.ActiveCfg = Release|Win32
		{77BC84A5-7552-4858-8541-6F5DBC03504D}.Release|x86.Build.0 = Release|Win32
		{DA65ED9A-EBCC-4A0F-A1D3-112FDE6D44FC}.Debug|x64.ActiveCfg = Debug|x64
		{DA65ED9A-EBCC-4A0F-A1D3-112FDE6D44FC}.Debug|x64.Build.0 = Debug|x64
		{DA65ED9A-EBCC-4A0F-A1D3-112FDE6D44FC}.Debug|x86.ActiveCfg = Debug|Win32
		{DA65ED9A-EBCC-4A0F-A1D3-112FDE6D44FC}.Debug|x86.Build.0 = Debug|Win32
		{DA65ED9A-EBCC-4A0F-A1D3-112FDE6D44FC}.Release|x64.ActiveCfg = Release|x64
		{DA65ED9A-EBCC-4A0F-A1D3-112FDE6D44FC}.Release|x64.Build.0 = Release|x64
		{DA65ED9A-EBCC-4A0F-A1D3-112FDE6D44FC}.Release|x86.ActiveCfg = Release|Win32
		{DA65ED9A-EBCC-4A0F-A1D3-112FDE6D44FC}.Release|x86.Build.0 = Release|Win32
		{F9AB0448-AFFB-438D-9127-59C2949FF640}.Debug|x64.ActiveCfg = Debug|x64
		{F9AB0448-AFFB-438D-9127-59C2949FF640}.Debug|x64.Build.0 = Debug|x64
		{F9AB0448-AFFB-438D-9127-59C2949FF640}.Debug|x86.ActiveCfg = Debug|Win32
		{F9AB0448-AFFB-438D-9127-59C2949FF640}.Debug|x86.Build.0 = Debug|Win32
		{F9AB0448-AFFB-438D-9127-59C2949FF640}.Release|x64.ActiveCfg = Release|x64
		{F9AB0448-AFFB-438D-9127-59C2949FF640}.Release|x64.Build.0 = Release|x64
		{F9AB0448-AFFB-438D-9127-59C2949FF640}.Release|x86.ActiveCfg = Release|Win32
		{F9AB0448-AFFB-438D-9127-59C2949FF640}.Release|x86.Build.0 = Release|Win32
		{0F2597F2-8ED8-415F-90E5-D6E4FF7F00F5}.Debug|x64.ActiveCfg = Debug|x64
		{0F2597F2-8ED8-415F-90E5-D6E4FF7F00F5}.Debug|x64.Build.0 = Debug|x64
		{0F2597F2-8ED8-415F-90E5-D6E4FF7F00F5}.Debug|x86.ActiveCfg = Debug|Win32
		{0F2597F2-8ED8-415F-90E5-D6E4FF7F00F5}.Debug|x86.Build.0 = Debug|Win32
		{0F2597F2-8ED8-415F-90E5-D6E4FF7F00F5}.Release|x64.ActiveCfg = Release|x64
		{0F2597F2-8ED8-415F-90E5-D6E4FF7F00F5}.Release|x64.Build.0 = Release|x64
		{0F2597F2-8ED8-415F-90E5-D6E4FF7F00F5}.Release|x86.ActiveCfg = Release|Win32
		{0F2597F2-8ED8-415F-90E5-D6E4FF7F00F5}.Release|x86.Build.0 = Release|Win32
	EndGlobalSection
	GlobalSection(SolutionProperties) = preSolution
		HideSolutionNode = FALSE
	EndGlobalSection
	GlobalSection(ExtensibilityGlobals) = postSolution
		SolutionGuid = {7DD1A586-EF76-43DC-8C39-9F3C60926F66}
	EndGlobalSection
EndGlobal
